%{
  "nimble_options": {:hex, :nimble_options, "0.5.2", "42703307b924880f8c08d97719da7472673391905f528259915782bb346e0a1b", [:mix], [], "hexpm", "4da7f904b915fd71db549bcdc25f8d56f378ef7ae07dc1d372cbe72ba950dce0"},
  "table": {:hex, :table, "0.1.2", "87ad1125f5b70c5dea0307aa633194083eb5182ec537efc94e96af08937e14a8", [:mix], [], "hexpm", "7e99bc7efef806315c7e65640724bf165c3061cdc5d854060f74468367065029"},
  "vega_lite": {:hex, :vega_lite, "0.1.6", "145ab4908bc890b02cef3526e890e9b899528eaa7aa9d6fa642b52a8a2c682c6", [:mix], [{:table, "~> 0.1.0", [hex: :table, repo: "hexpm", optional: false]}], "hexpm", "078c0d8cd9a8eca4ae8f9527c45c01d69cefb6b2235fd5179a227ac2f031d7ac"},
}
